<?xml version="1.0" encoding="utf-8"?>
<Project ToolsVersion="15.0" xmlns="http://schemas.microsoft.com/developer/msbuild/2003">
  <ItemGroup>
    <ClCompile Include="G:\opencvcode\ImageMetrics\C++\main.cpp">
      <Filter>Source Files</Filter>
    </ClCompile>
    <ClCompile Include="G:\opencvcode\ImageMetrics\C++\trainModel.cpp">
      <Filter>Source Files</Filter>
    </ClCompile>
    <ClCompile Include="G:\opencvcode\ImageMetrics\C++\computescore.cpp">
      <Filter>Source Files</Filter>
    </ClCompile>
    <ClCompile Include="G:\opencvcode\ImageMetrics\C++\brisque.cpp">
      <Filter>Source Files</Filter>
    </ClCompile>
    <ClCompile Include="G:\opencvcode\ImageMetrics\C++\libsvm\svm.cpp">
      <Filter>Source Files</Filter>
    </ClCompile>
  </ItemGroup>
  <ItemGroup>
    <CustomBuild Include="G:\opencvcode\ImageMetrics\C++\CMakeLists.txt" />
  </ItemGroup>
  <ItemGroup>
    <Filter Include="Source Files">
      <UniqueIdentifier>{754E23A4-96B6-3B69-892A-04A0593B1BF9}</UniqueIdentifier>
    </Filter>
  </ItemGroup>
</Project>
